// !$*UTF8*$!
{
	archiveVersion = 1;
	classes = {
	};
	objectVersion = 56;
	objects = {

/* Begin PBXBuildFile section */
		9C52DD342C31073F00A7FE15 /* VerifyPhoneView.swift in Sources */ = {isa = PBXBuildFile; fileRef = 9C52DD332C31073E00A7FE15 /* VerifyPhoneView.swift */; };
		9C52DD362C310DF200A7FE15 /* NameView.swift in Sources */ = {isa = PBXBuildFile; fileRef = 9C52DD352C310DF200A7FE15 /* NameView.swift */; };
		9C9F03462C30AF2D007B38E0 /* IntroPageView.swift in Sources */ = {isa = PBXBuildFile; fileRef = 9C9F03452C30AF2D007B38E0 /* IntroPageView.swift */; };
		9C9F03482C30C1C4007B38E0 /* swiss_721_black_rounded_bt.ttf in Resources */ = {isa = PBXBuildFile; fileRef = 9C9F03472C30C1C4007B38E0 /* swiss_721_black_rounded_bt.ttf */; };
		9C9F034B2C30C990007B38E0 /* FindSchoolView.swift in Sources */ = {isa = PBXBuildFile; fileRef = 9C9F034A2C30C990007B38E0 /* FindSchoolView.swift */; };
		9C9F034D2C30D092007B38E0 /* PickSchoolView.swift in Sources */ = {isa = PBXBuildFile; fileRef = 9C9F034C2C30D092007B38E0 /* PickSchoolView.swift */; };
		9C9F034F2C30D795007B38E0 /* ContactsView.swift in Sources */ = {isa = PBXBuildFile; fileRef = 9C9F034E2C30D795007B38E0 /* ContactsView.swift */; };
		9CA1072A2C2B8FD300F52517 /* AnonymousChatApp.swift in Sources */ = {isa = PBXBuildFile; fileRef = 9CA107292C2B8FD300F52517 /* AnonymousChatApp.swift */; };
		9CA1072C2C2B8FD300F52517 /* ContentView.swift in Sources */ = {isa = PBXBuildFile; fileRef = 9CA1072B2C2B8FD300F52517 /* ContentView.swift */; };
		9CA1072E2C2B8FD900F52517 /* Assets.xcassets in Resources */ = {isa = PBXBuildFile; fileRef = 9CA1072D2C2B8FD900F52517 /* Assets.xcassets */; };
		9CA107312C2B8FD900F52517 /* Preview Assets.xcassets in Resources */ = {isa = PBXBuildFile; fileRef = 9CA107302C2B8FD900F52517 /* Preview Assets.xcassets */; };
		9CC3CF402C30FA42008697C3 /* NumberView.swift in Sources */ = {isa = PBXBuildFile; fileRef = 9CC3CF3F2C30FA42008697C3 /* NumberView.swift */; };
		9CE53F0B2C39E78B00DC20B9 /* MessageListController.swift in Sources */ = {isa = PBXBuildFile; fileRef = 9CE53F0A2C39E78B00DC20B9 /* MessageListController.swift */; };
		9CE53F0D2C39E7BE00DC20B9 /* MessageListView.swift in Sources */ = {isa = PBXBuildFile; fileRef = 9CE53F0C2C39E7BE00DC20B9 /* MessageListView.swift */; };
		9CECF4922C3B0C9600FCBCD1 /* TransparentBlurView.swift in Sources */ = {isa = PBXBuildFile; fileRef = 9CECF4912C3B0C9600FCBCD1 /* TransparentBlurView.swift */; };
		9CF089832C3DCD1700D90849 /* BlurView.swift in Sources */ = {isa = PBXBuildFile; fileRef = 9CF089822C3DCD1700D90849 /* BlurView.swift */; };
		9CF6EA222C3A42CC0043B916 /* ChatRoomView.swift in Sources */ = {isa = PBXBuildFile; fileRef = 9CF6EA212C3A42CC0043B916 /* ChatRoomView.swift */; };
		9CFD26EF2C37906500C35B58 /* TextInputArea.swift in Sources */ = {isa = PBXBuildFile; fileRef = 9CFD26EE2C37906500C35B58 /* TextInputArea.swift */; };
/* End PBXBuildFile section */

/* Begin PBXFileReference section */
		9C52DD332C31073E00A7FE15 /* VerifyPhoneView.swift */ = {isa = PBXFileReference; lastKnownFileType = sourcecode.swift; path = VerifyPhoneView.swift; sourceTree = "<group>"; };
		9C52DD352C310DF200A7FE15 /* NameView.swift */ = {isa = PBXFileReference; lastKnownFileType = sourcecode.swift; path = NameView.swift; sourceTree = "<group>"; };
		9C9F03452C30AF2D007B38E0 /* IntroPageView.swift */ = {isa = PBXFileReference; lastKnownFileType = sourcecode.swift; path = IntroPageView.swift; sourceTree = "<group>"; };
		9C9F03472C30C1C4007B38E0 /* swiss_721_black_rounded_bt.ttf */ = {isa = PBXFileReference; lastKnownFileType = text; name = swiss_721_black_rounded_bt.ttf; path = "Preview Content/swiss_721_black_rounded_bt.ttf"; sourceTree = "<group>"; };
		9C9F03492C30C26F007B38E0 /* Info.plist */ = {isa = PBXFileReference; lastKnownFileType = text.plist; path = Info.plist; sourceTree = "<group>"; };
		9C9F034A2C30C990007B38E0 /* FindSchoolView.swift */ = {isa = PBXFileReference; lastKnownFileType = sourcecode.swift; path = FindSchoolView.swift; sourceTree = "<group>"; };
		9C9F034C2C30D092007B38E0 /* PickSchoolView.swift */ = {isa = PBXFileReference; lastKnownFileType = sourcecode.swift; path = PickSchoolView.swift; sourceTree = "<group>"; };
		9C9F034E2C30D795007B38E0 /* ContactsView.swift */ = {isa = PBXFileReference; lastKnownFileType = sourcecode.swift; path = ContactsView.swift; sourceTree = "<group>"; };
		9CA107262C2B8FD300F52517 /* AnonymousChat.app */ = {isa = PBXFileReference; explicitFileType = wrapper.application; includeInIndex = 0; path = AnonymousChat.app; sourceTree = BUILT_PRODUCTS_DIR; };
		9CA107292C2B8FD300F52517 /* AnonymousChatApp.swift */ = {isa = PBXFileReference; lastKnownFileType = sourcecode.swift; path = AnonymousChatApp.swift; sourceTree = "<group>"; };
		9CA1072B2C2B8FD300F52517 /* ContentView.swift */ = {isa = PBXFileReference; lastKnownFileType = sourcecode.swift; name = ContentView.swift; path = ../ContentView.swift; sourceTree = "<group>"; };
		9CA1072D2C2B8FD900F52517 /* Assets.xcassets */ = {isa = PBXFileReference; lastKnownFileType = folder.assetcatalog; path = Assets.xcassets; sourceTree = "<group>"; };
		9CA107302C2B8FD900F52517 /* Preview Assets.xcassets */ = {isa = PBXFileReference; lastKnownFileType = folder.assetcatalog; path = "Preview Assets.xcassets"; sourceTree = "<group>"; };
		9CC3CF3F2C30FA42008697C3 /* NumberView.swift */ = {isa = PBXFileReference; lastKnownFileType = sourcecode.swift; path = NumberView.swift; sourceTree = "<group>"; };
		9CE53F0A2C39E78B00DC20B9 /* MessageListController.swift */ = {isa = PBXFileReference; lastKnownFileType = sourcecode.swift; path = MessageListController.swift; sourceTree = "<group>"; };
		9CE53F0C2C39E7BE00DC20B9 /* MessageListView.swift */ = {isa = PBXFileReference; lastKnownFileType = sourcecode.swift; path = MessageListView.swift; sourceTree = "<group>"; };
		9CECF4912C3B0C9600FCBCD1 /* TransparentBlurView.swift */ = {isa = PBXFileReference; lastKnownFileType = sourcecode.swift; path = TransparentBlurView.swift; sourceTree = "<group>"; };
		9CF089822C3DCD1700D90849 /* BlurView.swift */ = {isa = PBXFileReference; lastKnownFileType = sourcecode.swift; path = BlurView.swift; sourceTree = "<group>"; };
		9CF6EA212C3A42CC0043B916 /* ChatRoomView.swift */ = {isa = PBXFileReference; lastKnownFileType = sourcecode.swift; path = ChatRoomView.swift; sourceTree = "<group>"; };
		9CFD26EE2C37906500C35B58 /* TextInputArea.swift */ = {isa = PBXFileReference; lastKnownFileType = sourcecode.swift; path = TextInputArea.swift; sourceTree = "<group>"; };
/* End PBXFileReference section */

/* Begin PBXFrameworksBuildPhase section */
		9CA107232C2B8FD300F52517 /* Frameworks */ = {
			isa = PBXFrameworksBuildPhase;
			buildActionMask = 2147483647;
			files = (
			);
			runOnlyForDeploymentPostprocessing = 0;
		};
/* End PBXFrameworksBuildPhase section */

/* Begin PBXGroup section */
		9C039F8B2C2BAEFF00E1567F /* Views */ = {
			isa = PBXGroup;
			children = (
				9CA1072B2C2B8FD300F52517 /* ContentView.swift */,
				9CEEBC4E2C377CC100BF51A2 /* Chat */,
				9C9F03442C30AF0A007B38E0 /* Onboarding */,
			);
			path = Views;
			sourceTree = "<group>";
		};
		9C039F8C2C2BAF2500E1567F /* VIewModels */ = {
			isa = PBXGroup;
			children = (
			);
			path = VIewModels;
			sourceTree = "<group>";
		};
		9C039F8D2C2BAF9100E1567F /* Models */ = {
			isa = PBXGroup;
			children = (
			);
			path = Models;
			sourceTree = "<group>";
		};
		9C039F8E2C2BAFB900E1567F /* Managers */ = {
			isa = PBXGroup;
			children = (
			);
			path = Managers;
			sourceTree = "<group>";
		};
		9C039F8F2C2BAFC000E1567F /* Extensions */ = {
			isa = PBXGroup;
			children = (
			);
			path = Extensions;
			sourceTree = "<group>";
		};
		9C9F03442C30AF0A007B38E0 /* Onboarding */ = {
			isa = PBXGroup;
			children = (
				9C9F03452C30AF2D007B38E0 /* IntroPageView.swift */,
				9C9F034A2C30C990007B38E0 /* FindSchoolView.swift */,
				9C9F034C2C30D092007B38E0 /* PickSchoolView.swift */,
				9CC3CF3F2C30FA42008697C3 /* NumberView.swift */,
				9C52DD332C31073E00A7FE15 /* VerifyPhoneView.swift */,
				9C52DD352C310DF200A7FE15 /* NameView.swift */,
				9C9F034E2C30D795007B38E0 /* ContactsView.swift */,
			);
			path = Onboarding;
			sourceTree = "<group>";
		};
		9CA1071D2C2B8FD200F52517 = {
			isa = PBXGroup;
			children = (
				9CA107282C2B8FD300F52517 /* AnonymousChat */,
				9CA107272C2B8FD300F52517 /* Products */,
			);
			sourceTree = "<group>";
		};
		9CA107272C2B8FD300F52517 /* Products */ = {
			isa = PBXGroup;
			children = (
				9CA107262C2B8FD300F52517 /* AnonymousChat.app */,
			);
			name = Products;
			sourceTree = "<group>";
		};
		9CA107282C2B8FD300F52517 /* AnonymousChat */ = {
			isa = PBXGroup;
			children = (
				9C9F03492C30C26F007B38E0 /* Info.plist */,
				9CA107292C2B8FD300F52517 /* AnonymousChatApp.swift */,
				9C039F8B2C2BAEFF00E1567F /* Views */,
				9C039F8C2C2BAF2500E1567F /* VIewModels */,
				9C039F8D2C2BAF9100E1567F /* Models */,
				9C039F8E2C2BAFB900E1567F /* Managers */,
				9C039F8F2C2BAFC000E1567F /* Extensions */,
				9CA1072D2C2B8FD900F52517 /* Assets.xcassets */,
				9C9F03472C30C1C4007B38E0 /* swiss_721_black_rounded_bt.ttf */,
				9CA1072F2C2B8FD900F52517 /* Preview Content */,
			);
			path = AnonymousChat;
			sourceTree = "<group>";
		};
		9CA1072F2C2B8FD900F52517 /* Preview Content */ = {
			isa = PBXGroup;
			children = (
				9CA107302C2B8FD900F52517 /* Preview Assets.xcassets */,
			);
			path = "Preview Content";
			sourceTree = "<group>";
		};
		9CEEBC4E2C377CC100BF51A2 /* Chat */ = {
			isa = PBXGroup;
			children = (
				9CF089862C3DF1CB00D90849 /* New Group */,
				9CF6EA212C3A42CC0043B916 /* ChatRoomView.swift */,
				9CFD26ED2C37905100C35B58 /* Components */,
			);
			path = Chat;
			sourceTree = "<group>";
		};
		9CF089862C3DF1CB00D90849 /* New Group */ = {
			isa = PBXGroup;
			children = (
			);
			path = "New Group";
			sourceTree = "<group>";
		};
		9CFD26ED2C37905100C35B58 /* Components */ = {
			isa = PBXGroup;
			children = (
				9CFD26EE2C37906500C35B58 /* TextInputArea.swift */,
				9CF089822C3DCD1700D90849 /* BlurView.swift */,
				9CE53F0C2C39E7BE00DC20B9 /* MessageListView.swift */,
				9CE53F0A2C39E78B00DC20B9 /* MessageListController.swift */,
				9CECF4912C3B0C9600FCBCD1 /* TransparentBlurView.swift */,
			);
			path = Components;
			sourceTree = "<group>";
		};
/* End PBXGroup section */

/* Begin PBXNativeTarget section */
		9CA107252C2B8FD300F52517 /* AnonymousChat */ = {
			isa = PBXNativeTarget;
			buildConfigurationList = 9CA107342C2B8FD900F52517 /* Build configuration list for PBXNativeTarget "AnonymousChat" */;
			buildPhases = (
				9CA107222C2B8FD300F52517 /* Sources */,
				9CA107232C2B8FD300F52517 /* Frameworks */,
				9CA107242C2B8FD300F52517 /* Resources */,
			);
			buildRules = (
			);
			dependencies = (
			);
			name = AnonymousChat;
			productName = AnonymousChat;
			productReference = 9CA107262C2B8FD300F52517 /* AnonymousChat.app */;
			productType = "com.apple.product-type.application";
		};
/* End PBXNativeTarget section */

/* Begin PBXProject section */
		9CA1071E2C2B8FD200F52517 /* Project object */ = {
			isa = PBXProject;
			attributes = {
				BuildIndependentTargetsInParallel = 1;
				LastSwiftUpdateCheck = 1520;
				LastUpgradeCheck = 1520;
				TargetAttributes = {
					9CA107252C2B8FD300F52517 = {
						CreatedOnToolsVersion = 15.2;
					};
				};
			};
			buildConfigurationList = 9CA107212C2B8FD200F52517 /* Build configuration list for PBXProject "AnonymousChat" */;
			compatibilityVersion = "Xcode 14.0";
			developmentRegion = en;
			hasScannedForEncodings = 0;
			knownRegions = (
				en,
				Base,
			);
			mainGroup = 9CA1071D2C2B8FD200F52517;
			productRefGroup = 9CA107272C2B8FD300F52517 /* Products */;
			projectDirPath = "";
			projectRoot = "";
			targets = (
				9CA107252C2B8FD300F52517 /* AnonymousChat */,
			);
		};
/* End PBXProject section */

/* Begin PBXResourcesBuildPhase section */
		9CA107242C2B8FD300F52517 /* Resources */ = {
			isa = PBXResourcesBuildPhase;
			buildActionMask = 2147483647;
			files = (
				9C9F03482C30C1C4007B38E0 /* swiss_721_black_rounded_bt.ttf in Resources */,
				9CA107312C2B8FD900F52517 /* Preview Assets.xcassets in Resources */,
				9CA1072E2C2B8FD900F52517 /* Assets.xcassets in Resources */,
			);
			runOnlyForDeploymentPostprocessing = 0;
		};
/* End PBXResourcesBuildPhase section */

/* Begin PBXSourcesBuildPhase section */
		9CA107222C2B8FD300F52517 /* Sources */ = {
			isa = PBXSourcesBuildPhase;
			buildActionMask = 2147483647;
			files = (
				9C9F034D2C30D092007B38E0 /* PickSchoolView.swift in Sources */,
				9CA1072C2C2B8FD300F52517 /* ContentView.swift in Sources */,
				9CF089832C3DCD1700D90849 /* BlurView.swift in Sources */,
				9C52DD362C310DF200A7FE15 /* NameView.swift in Sources */,
				9C52DD342C31073F00A7FE15 /* VerifyPhoneView.swift in Sources */,
				9CA1072A2C2B8FD300F52517 /* AnonymousChatApp.swift in Sources */,
				9C9F034F2C30D795007B38E0 /* ContactsView.swift in Sources */,
				9CECF4922C3B0C9600FCBCD1 /* TransparentBlurView.swift in Sources */,
				9CE53F0B2C39E78B00DC20B9 /* MessageListController.swift in Sources */,
				9CFD26EF2C37906500C35B58 /* TextInputArea.swift in Sources */,
				9C9F03462C30AF2D007B38E0 /* IntroPageView.swift in Sources */,
				9CE53F0D2C39E7BE00DC20B9 /* MessageListView.swift in Sources */,
				9CF6EA222C3A42CC0043B916 /* ChatRoomView.swift in Sources */,
				9C9F034B2C30C990007B38E0 /* FindSchoolView.swift in Sources */,
				9CC3CF402C30FA42008697C3 /* NumberView.swift in Sources */,
			);
			runOnlyForDeploymentPostprocessing = 0;
		};
/* End PBXSourcesBuildPhase section */

/* Begin XCBuildConfiguration section */
		9CA107322C2B8FD900F52517 /* Debug */ = {
			isa = XCBuildConfiguration;
			buildSettings = {
				ALWAYS_SEARCH_USER_PATHS = NO;
				ASSETCATALOG_COMPILER_GENERATE_SWIFT_ASSET_SYMBOL_EXTENSIONS = YES;
				CLANG_ANALYZER_NONNULL = YES;
				CLANG_ANALYZER_NUMBER_OBJECT_CONVERSION = YES_AGGRESSIVE;
				CLANG_CXX_LANGUAGE_STANDARD = "gnu++20";
				CLANG_ENABLE_MODULES = YES;
				CLANG_ENABLE_OBJC_ARC = YES;
				CLANG_ENABLE_OBJC_WEAK = YES;
				CLANG_WARN_BLOCK_CAPTURE_AUTORELEASING = YES;
				CLANG_WARN_BOOL_CONVERSION = YES;
				CLANG_WARN_COMMA = YES;
				CLANG_WARN_CONSTANT_CONVERSION = YES;
				CLANG_WARN_DEPRECATED_OBJC_IMPLEMENTATIONS = YES;
				CLANG_WARN_DIRECT_OBJC_ISA_USAGE = YES_ERROR;
				CLANG_WARN_DOCUMENTATION_COMMENTS = YES;
				CLANG_WARN_EMPTY_BODY = YES;
				CLANG_WARN_ENUM_CONVERSION = YES;
				CLANG_WARN_INFINITE_RECURSION = YES;
				CLANG_WARN_INT_CONVERSION = YES;
				CLANG_WARN_NON_LITERAL_NULL_CONVERSION = YES;
				CLANG_WARN_OBJC_IMPLICIT_RETAIN_SELF = YES;
				CLANG_WARN_OBJC_LITERAL_CONVERSION = YES;
				CLANG_WARN_OBJC_ROOT_CLASS = YES_ERROR;
				CLANG_WARN_QUOTED_INCLUDE_IN_FRAMEWORK_HEADER = YES;
				CLANG_WARN_RANGE_LOOP_ANALYSIS = YES;
				CLANG_WARN_STRICT_PROTOTYPES = YES;
				CLANG_WARN_SUSPICIOUS_MOVE = YES;
				CLANG_WARN_UNGUARDED_AVAILABILITY = YES_AGGRESSIVE;
				CLANG_WARN_UNREACHABLE_CODE = YES;
				CLANG_WARN__DUPLICATE_METHOD_MATCH = YES;
				COPY_PHASE_STRIP = NO;
				DEBUG_INFORMATION_FORMAT = dwarf;
				ENABLE_STRICT_OBJC_MSGSEND = YES;
				ENABLE_TESTABILITY = YES;
				ENABLE_USER_SCRIPT_SANDBOXING = YES;
				GCC_C_LANGUAGE_STANDARD = gnu17;
				GCC_DYNAMIC_NO_PIC = NO;
				GCC_NO_COMMON_BLOCKS = YES;
				GCC_OPTIMIZATION_LEVEL = 0;
				GCC_PREPROCESSOR_DEFINITIONS = (
					"DEBUG=1",
					"$(inherited)",
				);
				GCC_WARN_64_TO_32_BIT_CONVERSION = YES;
				GCC_WARN_ABOUT_RETURN_TYPE = YES_ERROR;
				GCC_WARN_UNDECLARED_SELECTOR = YES;
				GCC_WARN_UNINITIALIZED_AUTOS = YES_AGGRESSIVE;
				GCC_WARN_UNUSED_FUNCTION = YES;
				GCC_WARN_UNUSED_VARIABLE = YES;
				IPHONEOS_DEPLOYMENT_TARGET = 17.2;
				LOCALIZATION_PREFERS_STRING_CATALOGS = YES;
				MTL_ENABLE_DEBUG_INFO = INCLUDE_SOURCE;
				MTL_FAST_MATH = YES;
				ONLY_ACTIVE_ARCH = YES;
				SDKROOT = iphoneos;
				SWIFT_ACTIVE_COMPILATION_CONDITIONS = "DEBUG $(inherited)";
				SWIFT_OPTIMIZATION_LEVEL = "-Onone";
			};
			name = Debug;
		};
		9CA107332C2B8FD900F52517 /* Release */ = {
			isa = XCBuildConfiguration;
			buildSettings = {
				ALWAYS_SEARCH_USER_PATHS = NO;
				ASSETCATALOG_COMPILER_GENERATE_SWIFT_ASSET_SYMBOL_EXTENSIONS = YES;
				CLANG_ANALYZER_NONNULL = YES;
				CLANG_ANALYZER_NUMBER_OBJECT_CONVERSION = YES_AGGRESSIVE;
				CLANG_CXX_LANGUAGE_STANDARD = "gnu++20";
				CLANG_ENABLE_MODULES = YES;
				CLANG_ENABLE_OBJC_ARC = YES;
				CLANG_ENABLE_OBJC_WEAK = YES;
				CLANG_WARN_BLOCK_CAPTURE_AUTORELEASING = YES;
				CLANG_WARN_BOOL_CONVERSION = YES;
				CLANG_WARN_COMMA = YES;
				CLANG_WARN_CONSTANT_CONVERSION = YES;
				CLANG_WARN_DEPRECATED_OBJC_IMPLEMENTATIONS = YES;
				CLANG_WARN_DIRECT_OBJC_ISA_USAGE = YES_ERROR;
				CLANG_WARN_DOCUMENTATION_COMMENTS = YES;
				CLANG_WARN_EMPTY_BODY = YES;
				CLANG_WARN_ENUM_CONVERSION = YES;
				CLANG_WARN_INFINITE_RECURSION = YES;
				CLANG_WARN_INT_CONVERSION = YES;
				CLANG_WARN_NON_LITERAL_NULL_CONVERSION = YES;
				CLANG_WARN_OBJC_IMPLICIT_RETAIN_SELF = YES;
				CLANG_WARN_OBJC_LITERAL_CONVERSION = YES;
				CLANG_WARN_OBJC_ROOT_CLASS = YES_ERROR;
				CLANG_WARN_QUOTED_INCLUDE_IN_FRAMEWORK_HEADER = YES;
				CLANG_WARN_RANGE_LOOP_ANALYSIS = YES;
				CLANG_WARN_STRICT_PROTOTYPES = YES;
				CLANG_WARN_SUSPICIOUS_MOVE = YES;
				CLANG_WARN_UNGUARDED_AVAILABILITY = YES_AGGRESSIVE;
				CLANG_WARN_UNREACHABLE_CODE = YES;
				CLANG_WARN__DUPLICATE_METHOD_MATCH = YES;
				COPY_PHASE_STRIP = NO;
				DEBUG_INFORMATION_FORMAT = "dwarf-with-dsym";
				ENABLE_NS_ASSERTIONS = NO;
				ENABLE_STRICT_OBJC_MSGSEND = YES;
				ENABLE_USER_SCRIPT_SANDBOXING = YES;
				GCC_C_LANGUAGE_STANDARD = gnu17;
				GCC_NO_COMMON_BLOCKS = YES;
				GCC_WARN_64_TO_32_BIT_CONVERSION = YES;
				GCC_WARN_ABOUT_RETURN_TYPE = YES_ERROR;
				GCC_WARN_UNDECLARED_SELECTOR = YES;
				GCC_WARN_UNINITIALIZED_AUTOS = YES_AGGRESSIVE;
				GCC_WARN_UNUSED_FUNCTION = YES;
				GCC_WARN_UNUSED_VARIABLE = YES;
				IPHONEOS_DEPLOYMENT_TARGET = 17.2;
				LOCALIZATION_PREFERS_STRING_CATALOGS = YES;
				MTL_ENABLE_DEBUG_INFO = NO;
				MTL_FAST_MATH = YES;
				SDKROOT = iphoneos;
				SWIFT_COMPILATION_MODE = wholemodule;
				VALIDATE_PRODUCT = YES;
			};
			name = Release;
		};
		9CA107352C2B8FD900F52517 /* Debug */ = {
			isa = XCBuildConfiguration;
			buildSettings = {
				ASSETCATALOG_COMPILER_APPICON_NAME = AppIcon;
				ASSETCATALOG_COMPILER_GLOBAL_ACCENT_COLOR_NAME = AccentColor;
				CODE_SIGN_STYLE = Automatic;
				CURRENT_PROJECT_VERSION = 1;
				DEVELOPMENT_ASSET_PATHS = "\"AnonymousChat/Preview Content\"";
				DEVELOPMENT_TEAM = 89B9H2GF72;
				ENABLE_PREVIEWS = YES;
				GENERATE_INFOPLIST_FILE = YES;
				INFOPLIST_FILE = AnonymousChat/Info.plist;
				INFOPLIST_KEY_CFBundleDisplayName = sideye;
				INFOPLIST_KEY_UIApplicationSceneManifest_Generation = YES;
				INFOPLIST_KEY_UIApplicationSupportsIndirectInputEvents = YES;
				INFOPLIST_KEY_UILaunchScreen_Generation = YES;
				INFOPLIST_KEY_UISupportedInterfaceOrientations_iPad = "UIInterfaceOrientationPortrait UIInterfaceOrientationPortraitUpsideDown UIInterfaceOrientationLandscapeLeft UIInterfaceOrientationLandscapeRight";
				INFOPLIST_KEY_UISupportedInterfaceOrientations_iPhone = "UIInterfaceOrientationPortrait UIInterfaceOrientationLandscapeLeft UIInterfaceOrientationLandscapeRight";
				LD_RUNPATH_SEARCH_PATHS = (
					"$(inherited)",
					"@executable_path/Frameworks",
				);
				MARKETING_VERSION = 1.0;
				PRODUCT_BUNDLE_IDENTIFIER = yamil.AnonymousChat;
				PRODUCT_NAME = "$(TARGET_NAME)";
				SWIFT_EMIT_LOC_STRINGS = YES;
				SWIFT_VERSION = 5.0;
				TARGETED_DEVICE_FAMILY = "1,2";
			};
			name = Debug;
		};
		9CA107362C2B8FD900F52517 /* Release */ = {
			isa = XCBuildConfiguration;
			buildSettings = {
				ASSETCATALOG_COMPILER_APPICON_NAME = AppIcon;
				ASSETCATALOG_COMPILER_GLOBAL_ACCENT_COLOR_NAME = AccentColor;
				CODE_SIGN_STYLE = Automatic;
				CURRENT_PROJECT_VERSION = 1;
				DEVELOPMENT_ASSET_PATHS = "\"AnonymousChat/Preview Content\"";
				DEVELOPMENT_TEAM = 89B9H2GF72;
				ENABLE_PREVIEWS = YES;
				GENERATE_INFOPLIST_FILE = YES;
				INFOPLIST_FILE = AnonymousChat/Info.plist;
				INFOPLIST_KEY_CFBundleDisplayName = sideye;
				INFOPLIST_KEY_UIApplicationSceneManifest_Generation = YES;
				INFOPLIST_KEY_UIApplicationSupportsIndirectInputEvents = YES;
				INFOPLIST_KEY_UILaunchScreen_Generation = YES;
				INFOPLIST_KEY_UISupportedInterfaceOrientations_iPad = "UIInterfaceOrientationPortrait UIInterfaceOrientationPortraitUpsideDown UIInterfaceOrientationLandscapeLeft UIInterfaceOrientationLandscapeRight";
				INFOPLIST_KEY_UISupportedInterfaceOrientations_iPhone = "UIInterfaceOrientationPortrait UIInterfaceOrientationLandscapeLeft UIInterfaceOrientationLandscapeRight";
				LD_RUNPATH_SEARCH_PATHS = (
					"$(inherited)",
					"@executable_path/Frameworks",
				);
				MARKETING_VERSION = 1.0;
				PRODUCT_BUNDLE_IDENTIFIER = yamil.AnonymousChat;
				PRODUCT_NAME = "$(TARGET_NAME)";
				SWIFT_EMIT_LOC_STRINGS = YES;
				SWIFT_VERSION = 5.0;
				TARGETED_DEVICE_FAMILY = "1,2";
			};
			name = Release;
		};
/* End XCBuildConfiguration section */

/* Begin XCConfigurationList section */
		9CA107212C2B8FD200F52517 /* Build configuration list for PBXProject "AnonymousChat" */ = {
			isa = XCConfigurationList;
			buildConfigurations = (
				9CA107322C2B8FD900F52517 /* Debug */,
				9CA107332C2B8FD900F52517 /* Release */,
			);
			defaultConfigurationIsVisible = 0;
			defaultConfigurationName = Release;
		};
		9CA107342C2B8FD900F52517 /* Build configuration list for PBXNativeTarget "AnonymousChat" */ = {
			isa = XCConfigurationList;
			buildConfigurations = (
				9CA107352C2B8FD900F52517 /* Debug */,
				9CA107362C2B8FD900F52517 /* Release */,
			);
			defaultConfigurationIsVisible = 0;
			defaultConfigurationName = Release;
		};
/* End XCConfigurationList section */
	};
	rootObject = 9CA1071E2C2B8FD200F52517 /* Project object */;
}
